
Microsoft Visual Studio Solution File, Format Version 11.00
# Visual Studio 2010
Project("{FAE04EC0-301F-11D3-BF4B-00C04F79EFBC}") = "FSUnity", "Assembly-CSharp.csproj", "{84F7730E-5CEC-B87E-4A24-EC579FBB265C}"
EndProject
Global
	GlobalSection(SolutionConfigurationPlatforms) = preSolution
		Debug|Any CPU = Debug|Any CPU
		Release|Any CPU = Release|Any CPU
	EndGlobalSection
	GlobalSection(ProjectConfigurationPlatforms) = postSolution
		{84F7730E-5CEC-B87E-4A24-EC579FBB265C}.Debug|Any CPU.ActiveCfg = Debug|Any CPU
		{84F7730E-5CEC-B87E-4A24-EC579FBB265C}.Debug|Any CPU.Build.0 = Debug|Any CPU
		{84F7730E-5CEC-B87E-4A24-EC579FBB265C}.Release|Any CPU.ActiveCfg = Release|Any CPU
		{84F7730E-5CEC-B87E-4A24-EC579FBB265C}.Release|Any CPU.Build.0 = Release|Any CPU
	EndGlobalSection
	GlobalSection(SolutionProperties) = preSolution
		HideSolutionNode = FALSE
	EndGlobalSection
	GlobalSection(MonoDevelopProperties) = preSolution
		StartupItem = Assembly-CSharp.csproj
	EndGlobalSection
EndGlobal
